
Microsoft Visual Studio Solution File, Format Version 12.00
Project("{2150E333-8FDC-42A3-9474-1A3956D46DE8}") = "Libs", "Libs", "{CDA54591-9A27-4DAE-95C5-D4D7784F74EB}"
EndProject
Project("{FAE04EC0-301F-11D3-BF4B-00C04F79EFBC}") = "Christofel.BaseLib", "Christofel.BaseLib\Christofel.BaseLib.csproj", "{0C798625-3BD0-40A1-8921-08292D0445A7}"
EndProject
Project("{FAE04EC0-301F-11D3-BF4B-00C04F79EFBC}") = "Christofel.CommandsLib", "Christofel.CommandsLib\Christofel.CommandsLib.csproj", "{22D192D0-55FD-4D71-B28A-F5F7465A6E82}"
EndProject
Project("{2150E333-8FDC-42A3-9474-1A3956D46DE8}") = "Plugins", "Plugins", "{05930E47-11FB-41BE-BEBB-5CD09C29117C}"
EndProject
Project("{FAE04EC0-301F-11D3-BF4B-00C04F79EFBC}") = "Christofel.Application", "Christofel.Application\Christofel.Application.csproj", "{BB88CD74-9A15-4C58-B4DC-E554FF38D01A}"
EndProject
Project("{2150E333-8FDC-42A3-9474-1A3956D46DE8}") = "Tools", "Tools", "{D33A91F8-89B1-4848-8F18-FABAED600392}"
EndProject
Project("{FAE04EC0-301F-11D3-BF4B-00C04F79EFBC}") = "Christofel.Design", "Christofel.Design\Christofel.Design.csproj", "{6DD00AB6-68A9-4A3E-98BD-DA5409263540}"
EndProject
Project("{FAE04EC0-301F-11D3-BF4B-00C04F79EFBC}") = "Christofel.HelloWorld", "Christofel.HelloWorld\Christofel.HelloWorld.csproj", "{8A6F3A67-341D-420B-8A11-E878B7F7040F}"
EndProject
Project("{FAE04EC0-301F-11D3-BF4B-00C04F79EFBC}") = "Christofel.BaseLib.Implementations", "Christofel.BaseLib.Implementations\Christofel.BaseLib.Implementations.csproj", "{7D2E96A4-98AD-4B14-9C9B-AE58A975D016}"
EndProject
Project("{FAE04EC0-301F-11D3-BF4B-00C04F79EFBC}") = "Christofel.Messages", "Christofel.Messages\Christofel.Messages.csproj", "{7F44B389-5B87-44AE-AEA1-442A86CC5C15}"
EndProject
Project("{FAE04EC0-301F-11D3-BF4B-00C04F79EFBC}") = "Christofel.Management", "Christofel.Management\Christofel.Management.csproj", "{CC59E0F7-D37E-4C0D-B120-4E5BE9933024}"
EndProject
Project("{2150E333-8FDC-42A3-9474-1A3956D46DE8}") = "DiscordNet", "DiscordNet", "{B7C5F5E3-A588-41F9-AC21-7465030396F6}"
EndProject
Project("{FAE04EC0-301F-11D3-BF4B-00C04F79EFBC}") = "Discord.Net.Core", "..\libs\Discord.Net-Labs\src\Discord.Net.Core\Discord.Net.Core.csproj", "{23E88740-4C3F-463E-AA41-C4BB5D60A682}"
EndProject
Project("{FAE04EC0-301F-11D3-BF4B-00C04F79EFBC}") = "Discord.Net.Rest", "..\libs\Discord.Net-Labs\src\Discord.Net.Rest\Discord.Net.Rest.csproj", "{6519DF8F-3B71-4F18-B286-ACF3EA5783D8}"
EndProject
Project("{FAE04EC0-301F-11D3-BF4B-00C04F79EFBC}") = "Discord.Net.Webhook", "..\libs\Discord.Net-Labs\src\Discord.Net.Webhook\Discord.Net.Webhook.csproj", "{8D950F70-39D9-4EBB-832E-3FE683DAA694}"
EndProject
Project("{FAE04EC0-301F-11D3-BF4B-00C04F79EFBC}") = "Discord.Net.WebSocket", "..\libs\Discord.Net-Labs\src\Discord.Net.WebSocket\Discord.Net.WebSocket.csproj", "{F6E41005-7D33-48F8-9705-287447260338}"
EndProject
Project("{FAE04EC0-301F-11D3-BF4B-00C04F79EFBC}") = "Christofel.Api", "Christofel.Api\Christofel.Api.csproj", "{27156F3A-DDEB-4178-85F4-50D0F5FB4446}"
EndProject
Project("{2150E333-8FDC-42A3-9474-1A3956D46DE8}") = "Apis", "Apis", "{0B39810A-5D62-42DD-A20F-FF100A95A0E8}"
EndProject
Project("{FAE04EC0-301F-11D3-BF4B-00C04F79EFBC}") = "Usermap", "Usermap\Usermap.csproj", "{72C4AF34-C5BA-41EF-8782-49D88C1C4413}"
EndProject
Global
	GlobalSection(SolutionConfigurationPlatforms) = preSolution
		Debug|Any CPU = Debug|Any CPU
		Release|Any CPU = Release|Any CPU
	EndGlobalSection
	GlobalSection(NestedProjects) = preSolution
		{0C798625-3BD0-40A1-8921-08292D0445A7} = {CDA54591-9A27-4DAE-95C5-D4D7784F74EB}
		{22D192D0-55FD-4D71-B28A-F5F7465A6E82} = {CDA54591-9A27-4DAE-95C5-D4D7784F74EB}
		{6DD00AB6-68A9-4A3E-98BD-DA5409263540} = {D33A91F8-89B1-4848-8F18-FABAED600392}
		{8A6F3A67-341D-420B-8A11-E878B7F7040F} = {05930E47-11FB-41BE-BEBB-5CD09C29117C}
		{7D2E96A4-98AD-4B14-9C9B-AE58A975D016} = {CDA54591-9A27-4DAE-95C5-D4D7784F74EB}
		{7F44B389-5B87-44AE-AEA1-442A86CC5C15} = {05930E47-11FB-41BE-BEBB-5CD09C29117C}
		{CC59E0F7-D37E-4C0D-B120-4E5BE9933024} = {05930E47-11FB-41BE-BEBB-5CD09C29117C}
		{23E88740-4C3F-463E-AA41-C4BB5D60A682} = {B7C5F5E3-A588-41F9-AC21-7465030396F6}
		{6519DF8F-3B71-4F18-B286-ACF3EA5783D8} = {B7C5F5E3-A588-41F9-AC21-7465030396F6}
		{8D950F70-39D9-4EBB-832E-3FE683DAA694} = {B7C5F5E3-A588-41F9-AC21-7465030396F6}
		{F6E41005-7D33-48F8-9705-287447260338} = {B7C5F5E3-A588-41F9-AC21-7465030396F6}
		{27156F3A-DDEB-4178-85F4-50D0F5FB4446} = {05930E47-11FB-41BE-BEBB-5CD09C29117C}
		{72C4AF34-C5BA-41EF-8782-49D88C1C4413} = {0B39810A-5D62-42DD-A20F-FF100A95A0E8}
	EndGlobalSection
	GlobalSection(ProjectConfigurationPlatforms) = postSolution
		{0C798625-3BD0-40A1-8921-08292D0445A7}.Debug|Any CPU.ActiveCfg = Debug|Any CPU
		{0C798625-3BD0-40A1-8921-08292D0445A7}.Debug|Any CPU.Build.0 = Debug|Any CPU
		{0C798625-3BD0-40A1-8921-08292D0445A7}.Release|Any CPU.ActiveCfg = Release|Any CPU
		{0C798625-3BD0-40A1-8921-08292D0445A7}.Release|Any CPU.Build.0 = Release|Any CPU
		{B8630DDB-0533-4BDE-84DA-3BF5D18968B8}.Debug|Any CPU.ActiveCfg = Debug|Any CPU
		{B8630DDB-0533-4BDE-84DA-3BF5D18968B8}.Debug|Any CPU.Build.0 = Debug|Any CPU
		{B8630DDB-0533-4BDE-84DA-3BF5D18968B8}.Release|Any CPU.ActiveCfg = Release|Any CPU
		{B8630DDB-0533-4BDE-84DA-3BF5D18968B8}.Release|Any CPU.Build.0 = Release|Any CPU
		{6314DE1E-DE6D-4990-8B19-A50DD3E23D27}.Debug|Any CPU.ActiveCfg = Debug|Any CPU
		{6314DE1E-DE6D-4990-8B19-A50DD3E23D27}.Debug|Any CPU.Build.0 = Debug|Any CPU
		{6314DE1E-DE6D-4990-8B19-A50DD3E23D27}.Release|Any CPU.ActiveCfg = Release|Any CPU
		{6314DE1E-DE6D-4990-8B19-A50DD3E23D27}.Release|Any CPU.Build.0 = Release|Any CPU
		{22D192D0-55FD-4D71-B28A-F5F7465A6E82}.Debug|Any CPU.ActiveCfg = Debug|Any CPU
		{22D192D0-55FD-4D71-B28A-F5F7465A6E82}.Debug|Any CPU.Build.0 = Debug|Any CPU
		{22D192D0-55FD-4D71-B28A-F5F7465A6E82}.Release|Any CPU.ActiveCfg = Release|Any CPU
		{22D192D0-55FD-4D71-B28A-F5F7465A6E82}.Release|Any CPU.Build.0 = Release|Any CPU
		{BB88CD74-9A15-4C58-B4DC-E554FF38D01A}.Debug|Any CPU.ActiveCfg = Debug|Any CPU
		{BB88CD74-9A15-4C58-B4DC-E554FF38D01A}.Debug|Any CPU.Build.0 = Debug|Any CPU
		{BB88CD74-9A15-4C58-B4DC-E554FF38D01A}.Release|Any CPU.ActiveCfg = Release|Any CPU
		{BB88CD74-9A15-4C58-B4DC-E554FF38D01A}.Release|Any CPU.Build.0 = Release|Any CPU
		{6DD00AB6-68A9-4A3E-98BD-DA5409263540}.Debug|Any CPU.ActiveCfg = Debug|Any CPU
		{6DD00AB6-68A9-4A3E-98BD-DA5409263540}.Debug|Any CPU.Build.0 = Debug|Any CPU
		{6DD00AB6-68A9-4A3E-98BD-DA5409263540}.Release|Any CPU.ActiveCfg = Release|Any CPU
		{6DD00AB6-68A9-4A3E-98BD-DA5409263540}.Release|Any CPU.Build.0 = Release|Any CPU
		{8A6F3A67-341D-420B-8A11-E878B7F7040F}.Debug|Any CPU.ActiveCfg = Debug|Any CPU
		{8A6F3A67-341D-420B-8A11-E878B7F7040F}.Debug|Any CPU.Build.0 = Debug|Any CPU
		{8A6F3A67-341D-420B-8A11-E878B7F7040F}.Release|Any CPU.ActiveCfg = Release|Any CPU
		{8A6F3A67-341D-420B-8A11-E878B7F7040F}.Release|Any CPU.Build.0 = Release|Any CPU
		{7D2E96A4-98AD-4B14-9C9B-AE58A975D016}.Debug|Any CPU.ActiveCfg = Debug|Any CPU
		{7D2E96A4-98AD-4B14-9C9B-AE58A975D016}.Debug|Any CPU.Build.0 = Debug|Any CPU
		{7D2E96A4-98AD-4B14-9C9B-AE58A975D016}.Release|Any CPU.ActiveCfg = Release|Any CPU
		{7D2E96A4-98AD-4B14-9C9B-AE58A975D016}.Release|Any CPU.Build.0 = Release|Any CPU
		{7F44B389-5B87-44AE-AEA1-442A86CC5C15}.Debug|Any CPU.ActiveCfg = Debug|Any CPU
		{7F44B389-5B87-44AE-AEA1-442A86CC5C15}.Debug|Any CPU.Build.0 = Debug|Any CPU
		{7F44B389-5B87-44AE-AEA1-442A86CC5C15}.Release|Any CPU.ActiveCfg = Release|Any CPU
		{7F44B389-5B87-44AE-AEA1-442A86CC5C15}.Release|Any CPU.Build.0 = Release|Any CPU
		{CC59E0F7-D37E-4C0D-B120-4E5BE9933024}.Debug|Any CPU.ActiveCfg = Debug|Any CPU
		{CC59E0F7-D37E-4C0D-B120-4E5BE9933024}.Debug|Any CPU.Build.0 = Debug|Any CPU
		{CC59E0F7-D37E-4C0D-B120-4E5BE9933024}.Release|Any CPU.ActiveCfg = Release|Any CPU
		{CC59E0F7-D37E-4C0D-B120-4E5BE9933024}.Release|Any CPU.Build.0 = Release|Any CPU
		{23E88740-4C3F-463E-AA41-C4BB5D60A682}.Debug|Any CPU.ActiveCfg = Debug|Any CPU
		{23E88740-4C3F-463E-AA41-C4BB5D60A682}.Debug|Any CPU.Build.0 = Debug|Any CPU
		{23E88740-4C3F-463E-AA41-C4BB5D60A682}.Release|Any CPU.ActiveCfg = Release|Any CPU
		{23E88740-4C3F-463E-AA41-C4BB5D60A682}.Release|Any CPU.Build.0 = Release|Any CPU
		{6519DF8F-3B71-4F18-B286-ACF3EA5783D8}.Debug|Any CPU.ActiveCfg = Debug|Any CPU
		{6519DF8F-3B71-4F18-B286-ACF3EA5783D8}.Debug|Any CPU.Build.0 = Debug|Any CPU
		{6519DF8F-3B71-4F18-B286-ACF3EA5783D8}.Release|Any CPU.ActiveCfg = Release|Any CPU
		{6519DF8F-3B71-4F18-B286-ACF3EA5783D8}.Release|Any CPU.Build.0 = Release|Any CPU
		{8D950F70-39D9-4EBB-832E-3FE683DAA694}.Debug|Any CPU.ActiveCfg = Debug|Any CPU
		{8D950F70-39D9-4EBB-832E-3FE683DAA694}.Debug|Any CPU.Build.0 = Debug|Any CPU
		{8D950F70-39D9-4EBB-832E-3FE683DAA694}.Release|Any CPU.ActiveCfg = Release|Any CPU
		{8D950F70-39D9-4EBB-832E-3FE683DAA694}.Release|Any CPU.Build.0 = Release|Any CPU
		{F6E41005-7D33-48F8-9705-287447260338}.Debug|Any CPU.ActiveCfg = Debug|Any CPU
		{F6E41005-7D33-48F8-9705-287447260338}.Debug|Any CPU.Build.0 = Debug|Any CPU
		{F6E41005-7D33-48F8-9705-287447260338}.Release|Any CPU.ActiveCfg = Release|Any CPU
		{F6E41005-7D33-48F8-9705-287447260338}.Release|Any CPU.Build.0 = Release|Any CPU
		{27156F3A-DDEB-4178-85F4-50D0F5FB4446}.Debug|Any CPU.ActiveCfg = Debug|Any CPU
		{27156F3A-DDEB-4178-85F4-50D0F5FB4446}.Debug|Any CPU.Build.0 = Debug|Any CPU
		{27156F3A-DDEB-4178-85F4-50D0F5FB4446}.Release|Any CPU.ActiveCfg = Release|Any CPU
		{27156F3A-DDEB-4178-85F4-50D0F5FB4446}.Release|Any CPU.Build.0 = Release|Any CPU
		{72C4AF34-C5BA-41EF-8782-49D88C1C4413}.Debug|Any CPU.ActiveCfg = Debug|Any CPU
		{72C4AF34-C5BA-41EF-8782-49D88C1C4413}.Debug|Any CPU.Build.0 = Debug|Any CPU
		{72C4AF34-C5BA-41EF-8782-49D88C1C4413}.Release|Any CPU.ActiveCfg = Release|Any CPU
		{72C4AF34-C5BA-41EF-8782-49D88C1C4413}.Release|Any CPU.Build.0 = Release|Any CPU
	EndGlobalSection
EndGlobal
