
Microsoft Visual Studio Solution File, Format Version 12.00
Project("{2150E333-8FDC-42A3-9474-1A3956D46DE8}") = "Libs", "Libs", "{CDA54591-9A27-4DAE-95C5-D4D7784F74EB}"
EndProject
Project("{FAE04EC0-301F-11D3-BF4B-00C04F79EFBC}") = "Christofel.BaseLib", "Christofel.BaseLib\Christofel.BaseLib.csproj", "{0C798625-3BD0-40A1-8921-08292D0445A7}"
EndProject
Project("{2150E333-8FDC-42A3-9474-1A3956D46DE8}") = "SchoolApis", "SchoolApis", "{76148150-3CBB-4409-AA7F-FD3D4448DE35}"
EndProject
Project("{FAE04EC0-301F-11D3-BF4B-00C04F79EFBC}") = "KosApi", "KosApi\KosApi.csproj", "{B8630DDB-0533-4BDE-84DA-3BF5D18968B8}"
EndProject
Project("{FAE04EC0-301F-11D3-BF4B-00C04F79EFBC}") = "UsermapApi", "UsermapApi\UsermapApi.csproj", "{6314DE1E-DE6D-4990-8B19-A50DD3E23D27}"
EndProject
Project("{FAE04EC0-301F-11D3-BF4B-00C04F79EFBC}") = "Christofel.CommandsLib", "Christofel.CommandsLib\Christofel.CommandsLib.csproj", "{22D192D0-55FD-4D71-B28A-F5F7465A6E82}"
EndProject
Project("{2150E333-8FDC-42A3-9474-1A3956D46DE8}") = "Plugins", "Plugins", "{05930E47-11FB-41BE-BEBB-5CD09C29117C}"
EndProject
Global
	GlobalSection(SolutionConfigurationPlatforms) = preSolution
		Debug|Any CPU = Debug|Any CPU
		Release|Any CPU = Release|Any CPU
	EndGlobalSection
	GlobalSection(NestedProjects) = preSolution
		{0C798625-3BD0-40A1-8921-08292D0445A7} = {CDA54591-9A27-4DAE-95C5-D4D7784F74EB}
		{B8630DDB-0533-4BDE-84DA-3BF5D18968B8} = {76148150-3CBB-4409-AA7F-FD3D4448DE35}
		{6314DE1E-DE6D-4990-8B19-A50DD3E23D27} = {76148150-3CBB-4409-AA7F-FD3D4448DE35}
		{22D192D0-55FD-4D71-B28A-F5F7465A6E82} = {CDA54591-9A27-4DAE-95C5-D4D7784F74EB}
	EndGlobalSection
	GlobalSection(ProjectConfigurationPlatforms) = postSolution
		{0C798625-3BD0-40A1-8921-08292D0445A7}.Debug|Any CPU.ActiveCfg = Debug|Any CPU
		{0C798625-3BD0-40A1-8921-08292D0445A7}.Debug|Any CPU.Build.0 = Debug|Any CPU
		{0C798625-3BD0-40A1-8921-08292D0445A7}.Release|Any CPU.ActiveCfg = Release|Any CPU
		{0C798625-3BD0-40A1-8921-08292D0445A7}.Release|Any CPU.Build.0 = Release|Any CPU
		{B8630DDB-0533-4BDE-84DA-3BF5D18968B8}.Debug|Any CPU.ActiveCfg = Debug|Any CPU
		{B8630DDB-0533-4BDE-84DA-3BF5D18968B8}.Debug|Any CPU.Build.0 = Debug|Any CPU
		{B8630DDB-0533-4BDE-84DA-3BF5D18968B8}.Release|Any CPU.ActiveCfg = Release|Any CPU
		{B8630DDB-0533-4BDE-84DA-3BF5D18968B8}.Release|Any CPU.Build.0 = Release|Any CPU
		{6314DE1E-DE6D-4990-8B19-A50DD3E23D27}.Debug|Any CPU.ActiveCfg = Debug|Any CPU
		{6314DE1E-DE6D-4990-8B19-A50DD3E23D27}.Debug|Any CPU.Build.0 = Debug|Any CPU
		{6314DE1E-DE6D-4990-8B19-A50DD3E23D27}.Release|Any CPU.ActiveCfg = Release|Any CPU
		{6314DE1E-DE6D-4990-8B19-A50DD3E23D27}.Release|Any CPU.Build.0 = Release|Any CPU
		{22D192D0-55FD-4D71-B28A-F5F7465A6E82}.Debug|Any CPU.ActiveCfg = Debug|Any CPU
		{22D192D0-55FD-4D71-B28A-F5F7465A6E82}.Debug|Any CPU.Build.0 = Debug|Any CPU
		{22D192D0-55FD-4D71-B28A-F5F7465A6E82}.Release|Any CPU.ActiveCfg = Release|Any CPU
		{22D192D0-55FD-4D71-B28A-F5F7465A6E82}.Release|Any CPU.Build.0 = Release|Any CPU
	EndGlobalSection
EndGlobal
