
Microsoft Visual Studio Solution File, Format Version 12.00
Project("{2150E333-8FDC-42A3-9474-1A3956D46DE8}") = "Core", "Core", "{EA0A70F1-E1C9-4D5D-950F-CB2FD26888CB}"
EndProject
Project("{2150E333-8FDC-42A3-9474-1A3956D46DE8}") = "Libs", "Libs", "{B79E41F4-B461-4179-AC85-07C1AA6CBE02}"
EndProject
Project("{2150E333-8FDC-42A3-9474-1A3956D46DE8}") = "Plugins", "Plugins", "{674A0FCA-7522-495B-8C94-7270FD8CBA65}"
ProjectSection(SolutionItems) = preProject
	Plugins\Directory.Build.props = Plugins\Directory.Build.props
EndProjectSection
EndProject
Project("{2150E333-8FDC-42A3-9474-1A3956D46DE8}") = "Tools", "Tools", "{9D7EB95F-6F09-4F8C-BEDD-EC43794A5E34}"
EndProject
Project("{FAE04EC0-301F-11D3-BF4B-00C04F79EFBC}") = "Christofel.Design", "Tools\Christofel.Design\Christofel.Design.csproj", "{39DC714E-689A-4D04-B392-A264BD21EF2C}"
EndProject
Project("{FAE04EC0-301F-11D3-BF4B-00C04F79EFBC}") = "Christofel.CommandsLib", "Libs\Christofel.CommandsLib\Christofel.CommandsLib.csproj", "{8879BDEB-A1E9-41DA-826F-FC6B69D0AB43}"
EndProject
Project("{FAE04EC0-301F-11D3-BF4B-00C04F79EFBC}") = "Christofel.Logger", "Libs\Christofel.Logger\Christofel.Logger.csproj", "{7FFE78F2-BD54-4D8E-8DF2-F3E8F41C4EA4}"
EndProject
Project("{FAE04EC0-301F-11D3-BF4B-00C04F79EFBC}") = "Christofel.Application", "Core\Christofel.Application\Christofel.Application.csproj", "{A9C37765-81B1-44B3-A1E5-B74A53907A36}"
EndProject
Project("{FAE04EC0-301F-11D3-BF4B-00C04F79EFBC}") = "Christofel.Common", "Core\Christofel.Common\Christofel.Common.csproj", "{956F6D91-10E3-40BD-84F2-4C002B970DD4}"
EndProject
Project("{FAE04EC0-301F-11D3-BF4B-00C04F79EFBC}") = "Christofel.Api", "Plugins\Christofel.Api\Christofel.Api.csproj", "{E55C67C1-BEF2-42A6-B209-471A42BAD6DD}"
EndProject
Project("{FAE04EC0-301F-11D3-BF4B-00C04F79EFBC}") = "Christofel.HelloWorld", "Plugins\Christofel.HelloWorld\Christofel.HelloWorld.csproj", "{AFEE0605-FCE4-451B-9A96-27A7D34C6310}"
EndProject
Project("{FAE04EC0-301F-11D3-BF4B-00C04F79EFBC}") = "Christofel.Management", "Plugins\Christofel.Management\Christofel.Management.csproj", "{6AE9F4E0-14E0-47F6-B8D7-6046969FA3A9}"
EndProject
Project("{FAE04EC0-301F-11D3-BF4B-00C04F79EFBC}") = "Christofel.Messages", "Plugins\Christofel.Messages\Christofel.Messages.csproj", "{955DC7C2-D4C0-4641-962D-73001081AF77}"
EndProject
Project("{FAE04EC0-301F-11D3-BF4B-00C04F79EFBC}") = "Christofel.ReactHandler", "Plugins\Christofel.ReactHandler\Christofel.ReactHandler.csproj", "{03FC0541-0385-4DB3-9A62-0375442D725E}"
EndProject
Project("{FAE04EC0-301F-11D3-BF4B-00C04F79EFBC}") = "Christofel.Plugins.Abstractions", "Core\Christofel.Plugins.Abstractions\Christofel.Plugins.Abstractions.csproj", "{A5DFE769-50F3-4047-8FAD-A014B85033B1}"
EndProject
Project("{FAE04EC0-301F-11D3-BF4B-00C04F79EFBC}") = "Christofel.Plugins", "Core\Christofel.Plugins\Christofel.Plugins.csproj", "{90212385-79BF-493B-A191-997328705F71}"
EndProject
Project("{2150E333-8FDC-42A3-9474-1A3956D46DE8}") = "Tests", "Tests", "{E94EAD53-03C9-4708-906E-925FA25966E7}"
EndProject
Project("{FAE04EC0-301F-11D3-BF4B-00C04F79EFBC}") = "Christofel.Api.Tests", "Tests\Christofel.Api.Tests\Christofel.Api.Tests.csproj", "{9877D4C2-F0F3-478B-9B72-C64B1EB21CE3}"
EndProject
Project("{FAE04EC0-301F-11D3-BF4B-00C04F79EFBC}") = "Christofel.Remora.Plugins", "Core\Christofel.Remora.Plugins\Christofel.Remora.Plugins.csproj", "{8329B543-5FBC-4C0B-8326-C4B382138D56}"
EndProject
Project("{2150E333-8FDC-42A3-9474-1A3956D46DE8}") = ".metadata", ".metadata", "{C8C090FF-E03A-4319-B3CD-57BB3C2F0AE7}"
ProjectSection(SolutionItems) = preProject
	stylecop.json = stylecop.json
	stylecop.ruleset = stylecop.ruleset
	Directory.Build.props = Directory.Build.props
EndProjectSection
EndProject
Project("{FAE04EC0-301F-11D3-BF4B-00C04F79EFBC}") = "Christofel.Helpers", "Libs\Christofel.Helpers\Christofel.Helpers.csproj", "{7B48205B-361A-40F1-B449-53E63CAD549F}"
EndProject
Project("{FAE04EC0-301F-11D3-BF4B-00C04F79EFBC}") = "Christofel.Enhancements", "Plugins\Christofel.Enhancements\Christofel.Enhancements.csproj", "{2B602F62-C881-4B23-BE97-ACB4B089656B}"
EndProject
Global
	GlobalSection(SolutionConfigurationPlatforms) = preSolution
		Debug|Any CPU = Debug|Any CPU
		Release|Any CPU = Release|Any CPU
	EndGlobalSection
	GlobalSection(NestedProjects) = preSolution
		{39DC714E-689A-4D04-B392-A264BD21EF2C} = {9D7EB95F-6F09-4F8C-BEDD-EC43794A5E34}
		{8879BDEB-A1E9-41DA-826F-FC6B69D0AB43} = {B79E41F4-B461-4179-AC85-07C1AA6CBE02}
		{7FFE78F2-BD54-4D8E-8DF2-F3E8F41C4EA4} = {B79E41F4-B461-4179-AC85-07C1AA6CBE02}
		{E55C67C1-BEF2-42A6-B209-471A42BAD6DD} = {674A0FCA-7522-495B-8C94-7270FD8CBA65}
		{AFEE0605-FCE4-451B-9A96-27A7D34C6310} = {674A0FCA-7522-495B-8C94-7270FD8CBA65}
		{6AE9F4E0-14E0-47F6-B8D7-6046969FA3A9} = {674A0FCA-7522-495B-8C94-7270FD8CBA65}
		{955DC7C2-D4C0-4641-962D-73001081AF77} = {674A0FCA-7522-495B-8C94-7270FD8CBA65}
		{03FC0541-0385-4DB3-9A62-0375442D725E} = {674A0FCA-7522-495B-8C94-7270FD8CBA65}
		{A5DFE769-50F3-4047-8FAD-A014B85033B1} = {EA0A70F1-E1C9-4D5D-950F-CB2FD26888CB}
		{90212385-79BF-493B-A191-997328705F71} = {EA0A70F1-E1C9-4D5D-950F-CB2FD26888CB}
		{9877D4C2-F0F3-478B-9B72-C64B1EB21CE3} = {E94EAD53-03C9-4708-906E-925FA25966E7}
		{8329B543-5FBC-4C0B-8326-C4B382138D56} = {EA0A70F1-E1C9-4D5D-950F-CB2FD26888CB}
		{7B48205B-361A-40F1-B449-53E63CAD549F} = {B79E41F4-B461-4179-AC85-07C1AA6CBE02}
		{2B602F62-C881-4B23-BE97-ACB4B089656B} = {674A0FCA-7522-495B-8C94-7270FD8CBA65}
	EndGlobalSection
	GlobalSection(ProjectConfigurationPlatforms) = postSolution
		{B8630DDB-0533-4BDE-84DA-3BF5D18968B8}.Debug|Any CPU.ActiveCfg = Debug|Any CPU
		{B8630DDB-0533-4BDE-84DA-3BF5D18968B8}.Debug|Any CPU.Build.0 = Debug|Any CPU
		{B8630DDB-0533-4BDE-84DA-3BF5D18968B8}.Release|Any CPU.ActiveCfg = Release|Any CPU
		{B8630DDB-0533-4BDE-84DA-3BF5D18968B8}.Release|Any CPU.Build.0 = Release|Any CPU
		{6314DE1E-DE6D-4990-8B19-A50DD3E23D27}.Debug|Any CPU.ActiveCfg = Debug|Any CPU
		{6314DE1E-DE6D-4990-8B19-A50DD3E23D27}.Debug|Any CPU.Build.0 = Debug|Any CPU
		{6314DE1E-DE6D-4990-8B19-A50DD3E23D27}.Release|Any CPU.ActiveCfg = Release|Any CPU
		{6314DE1E-DE6D-4990-8B19-A50DD3E23D27}.Release|Any CPU.Build.0 = Release|Any CPU
		{39DC714E-689A-4D04-B392-A264BD21EF2C}.Debug|Any CPU.ActiveCfg = Debug|Any CPU
		{39DC714E-689A-4D04-B392-A264BD21EF2C}.Debug|Any CPU.Build.0 = Debug|Any CPU
		{39DC714E-689A-4D04-B392-A264BD21EF2C}.Release|Any CPU.ActiveCfg = Release|Any CPU
		{39DC714E-689A-4D04-B392-A264BD21EF2C}.Release|Any CPU.Build.0 = Release|Any CPU
		{8879BDEB-A1E9-41DA-826F-FC6B69D0AB43}.Debug|Any CPU.ActiveCfg = Debug|Any CPU
		{8879BDEB-A1E9-41DA-826F-FC6B69D0AB43}.Debug|Any CPU.Build.0 = Debug|Any CPU
		{8879BDEB-A1E9-41DA-826F-FC6B69D0AB43}.Release|Any CPU.ActiveCfg = Release|Any CPU
		{8879BDEB-A1E9-41DA-826F-FC6B69D0AB43}.Release|Any CPU.Build.0 = Release|Any CPU
		{7FFE78F2-BD54-4D8E-8DF2-F3E8F41C4EA4}.Debug|Any CPU.ActiveCfg = Debug|Any CPU
		{7FFE78F2-BD54-4D8E-8DF2-F3E8F41C4EA4}.Debug|Any CPU.Build.0 = Debug|Any CPU
		{7FFE78F2-BD54-4D8E-8DF2-F3E8F41C4EA4}.Release|Any CPU.ActiveCfg = Release|Any CPU
		{7FFE78F2-BD54-4D8E-8DF2-F3E8F41C4EA4}.Release|Any CPU.Build.0 = Release|Any CPU
		{A9C37765-81B1-44B3-A1E5-B74A53907A36}.Debug|Any CPU.ActiveCfg = Debug|Any CPU
		{A9C37765-81B1-44B3-A1E5-B74A53907A36}.Debug|Any CPU.Build.0 = Debug|Any CPU
		{A9C37765-81B1-44B3-A1E5-B74A53907A36}.Release|Any CPU.ActiveCfg = Release|Any CPU
		{A9C37765-81B1-44B3-A1E5-B74A53907A36}.Release|Any CPU.Build.0 = Release|Any CPU
		{956F6D91-10E3-40BD-84F2-4C002B970DD4}.Debug|Any CPU.ActiveCfg = Debug|Any CPU
		{956F6D91-10E3-40BD-84F2-4C002B970DD4}.Debug|Any CPU.Build.0 = Debug|Any CPU
		{956F6D91-10E3-40BD-84F2-4C002B970DD4}.Release|Any CPU.ActiveCfg = Release|Any CPU
		{956F6D91-10E3-40BD-84F2-4C002B970DD4}.Release|Any CPU.Build.0 = Release|Any CPU
		{E55C67C1-BEF2-42A6-B209-471A42BAD6DD}.Debug|Any CPU.ActiveCfg = Debug|Any CPU
		{E55C67C1-BEF2-42A6-B209-471A42BAD6DD}.Debug|Any CPU.Build.0 = Debug|Any CPU
		{E55C67C1-BEF2-42A6-B209-471A42BAD6DD}.Release|Any CPU.ActiveCfg = Release|Any CPU
		{E55C67C1-BEF2-42A6-B209-471A42BAD6DD}.Release|Any CPU.Build.0 = Release|Any CPU
		{AFEE0605-FCE4-451B-9A96-27A7D34C6310}.Debug|Any CPU.ActiveCfg = Debug|Any CPU
		{AFEE0605-FCE4-451B-9A96-27A7D34C6310}.Debug|Any CPU.Build.0 = Debug|Any CPU
		{AFEE0605-FCE4-451B-9A96-27A7D34C6310}.Release|Any CPU.ActiveCfg = Release|Any CPU
		{AFEE0605-FCE4-451B-9A96-27A7D34C6310}.Release|Any CPU.Build.0 = Release|Any CPU
		{6AE9F4E0-14E0-47F6-B8D7-6046969FA3A9}.Debug|Any CPU.ActiveCfg = Debug|Any CPU
		{6AE9F4E0-14E0-47F6-B8D7-6046969FA3A9}.Debug|Any CPU.Build.0 = Debug|Any CPU
		{6AE9F4E0-14E0-47F6-B8D7-6046969FA3A9}.Release|Any CPU.ActiveCfg = Release|Any CPU
		{6AE9F4E0-14E0-47F6-B8D7-6046969FA3A9}.Release|Any CPU.Build.0 = Release|Any CPU
		{955DC7C2-D4C0-4641-962D-73001081AF77}.Debug|Any CPU.ActiveCfg = Debug|Any CPU
		{955DC7C2-D4C0-4641-962D-73001081AF77}.Debug|Any CPU.Build.0 = Debug|Any CPU
		{955DC7C2-D4C0-4641-962D-73001081AF77}.Release|Any CPU.ActiveCfg = Release|Any CPU
		{955DC7C2-D4C0-4641-962D-73001081AF77}.Release|Any CPU.Build.0 = Release|Any CPU
		{03FC0541-0385-4DB3-9A62-0375442D725E}.Debug|Any CPU.ActiveCfg = Debug|Any CPU
		{03FC0541-0385-4DB3-9A62-0375442D725E}.Debug|Any CPU.Build.0 = Debug|Any CPU
		{03FC0541-0385-4DB3-9A62-0375442D725E}.Release|Any CPU.ActiveCfg = Release|Any CPU
		{03FC0541-0385-4DB3-9A62-0375442D725E}.Release|Any CPU.Build.0 = Release|Any CPU
		{A5DFE769-50F3-4047-8FAD-A014B85033B1}.Debug|Any CPU.ActiveCfg = Debug|Any CPU
		{A5DFE769-50F3-4047-8FAD-A014B85033B1}.Debug|Any CPU.Build.0 = Debug|Any CPU
		{A5DFE769-50F3-4047-8FAD-A014B85033B1}.Release|Any CPU.ActiveCfg = Release|Any CPU
		{A5DFE769-50F3-4047-8FAD-A014B85033B1}.Release|Any CPU.Build.0 = Release|Any CPU
		{90212385-79BF-493B-A191-997328705F71}.Debug|Any CPU.ActiveCfg = Debug|Any CPU
		{90212385-79BF-493B-A191-997328705F71}.Debug|Any CPU.Build.0 = Debug|Any CPU
		{90212385-79BF-493B-A191-997328705F71}.Release|Any CPU.ActiveCfg = Release|Any CPU
		{90212385-79BF-493B-A191-997328705F71}.Release|Any CPU.Build.0 = Release|Any CPU
		{9877D4C2-F0F3-478B-9B72-C64B1EB21CE3}.Debug|Any CPU.ActiveCfg = Debug|Any CPU
		{9877D4C2-F0F3-478B-9B72-C64B1EB21CE3}.Debug|Any CPU.Build.0 = Debug|Any CPU
		{9877D4C2-F0F3-478B-9B72-C64B1EB21CE3}.Release|Any CPU.ActiveCfg = Release|Any CPU
		{9877D4C2-F0F3-478B-9B72-C64B1EB21CE3}.Release|Any CPU.Build.0 = Release|Any CPU
		{8329B543-5FBC-4C0B-8326-C4B382138D56}.Debug|Any CPU.ActiveCfg = Debug|Any CPU
		{8329B543-5FBC-4C0B-8326-C4B382138D56}.Debug|Any CPU.Build.0 = Debug|Any CPU
		{8329B543-5FBC-4C0B-8326-C4B382138D56}.Release|Any CPU.ActiveCfg = Release|Any CPU
		{8329B543-5FBC-4C0B-8326-C4B382138D56}.Release|Any CPU.Build.0 = Release|Any CPU
		{7B48205B-361A-40F1-B449-53E63CAD549F}.Debug|Any CPU.ActiveCfg = Debug|Any CPU
		{7B48205B-361A-40F1-B449-53E63CAD549F}.Debug|Any CPU.Build.0 = Debug|Any CPU
		{7B48205B-361A-40F1-B449-53E63CAD549F}.Release|Any CPU.ActiveCfg = Release|Any CPU
		{7B48205B-361A-40F1-B449-53E63CAD549F}.Release|Any CPU.Build.0 = Release|Any CPU
		{2B602F62-C881-4B23-BE97-ACB4B089656B}.Debug|Any CPU.ActiveCfg = Debug|Any CPU
		{2B602F62-C881-4B23-BE97-ACB4B089656B}.Debug|Any CPU.Build.0 = Debug|Any CPU
		{2B602F62-C881-4B23-BE97-ACB4B089656B}.Release|Any CPU.ActiveCfg = Release|Any CPU
		{2B602F62-C881-4B23-BE97-ACB4B089656B}.Release|Any CPU.Build.0 = Release|Any CPU
	EndGlobalSection
EndGlobal
